
Microsoft Visual Studio Solution File, Format Version 12.00
# Visual Studio Version 16
VisualStudioVersion = 16.0.31605.320
MinimumVisualStudioVersion = 10.0.40219.1
Project("{FAE04EC0-301F-11D3-BF4B-00C04F79EFBC}") = "Agencia Bancaria.Dominio", "Agencia Bancaria.Dominio\Agencia Bancaria.Dominio.csproj", "{76D9D40D-358C-4A00-8404-17C295A292AF}"
EndProject
Project("{FAE04EC0-301F-11D3-BF4B-00C04F79EFBC}") = "AgenciaBancaria.App", "AgenciaBancaria.App\AgenciaBancaria.App.csproj", "{2F813E8E-3113-4E94-B499-161DDDBE940A}"
EndProject
Global
	GlobalSection(SolutionConfigurationPlatforms) = preSolution
		Debug|Any CPU = Debug|Any CPU
		Release|Any CPU = Release|Any CPU
	EndGlobalSection
	GlobalSection(ProjectConfigurationPlatforms) = postSolution
		{76D9D40D-358C-4A00-8404-17C295A292AF}.Debug|Any CPU.ActiveCfg = Debug|Any CPU
		{76D9D40D-358C-4A00-8404-17C295A292AF}.Debug|Any CPU.Build.0 = Debug|Any CPU
		{76D9D40D-358C-4A00-8404-17C295A292AF}.Release|Any CPU.ActiveCfg = Release|Any CPU
		{76D9D40D-358C-4A00-8404-17C295A292AF}.Release|Any CPU.Build.0 = Release|Any CPU
		{2F813E8E-3113-4E94-B499-161DDDBE940A}.Debug|Any CPU.ActiveCfg = Debug|Any CPU
		{2F813E8E-3113-4E94-B499-161DDDBE940A}.Debug|Any CPU.Build.0 = Debug|Any CPU
		{2F813E8E-3113-4E94-B499-161DDDBE940A}.Release|Any CPU.ActiveCfg = Release|Any CPU
		{2F813E8E-3113-4E94-B499-161DDDBE940A}.Release|Any CPU.Build.0 = Release|Any CPU
	EndGlobalSection
	GlobalSection(SolutionProperties) = preSolution
		HideSolutionNode = FALSE
	EndGlobalSection
	GlobalSection(ExtensibilityGlobals) = postSolution
		SolutionGuid = {73EB7662-FF57-496F-B044-6643D2296C93}
	EndGlobalSection
EndGlobal
